
Microsoft Visual Studio Solution File, Format Version 12.00
# Visual Studio 2012
Project("{FAE04EC0-301F-11D3-BF4B-00C04F79EFBC}") = "LinqExtenstions", "Source\LinqExtenstions\LinqExtenstions.csproj", "{4EE3569F-54BE-46DC-BA94-D00F007E910C}"
EndProject
Project("{FAE04EC0-301F-11D3-BF4B-00C04F79EFBC}") = "LinqExtensionsTests", "Tests\LinqExtensionsTests\LinqExtensionsTests.csproj", "{7434F8B2-3794-4C1E-96EB-9C0743E6E88E}"
EndProject
Global
	GlobalSection(SolutionConfigurationPlatforms) = preSolution
		Debug|Any CPU = Debug|Any CPU
		Release|Any CPU = Release|Any CPU
	EndGlobalSection
	GlobalSection(ProjectConfigurationPlatforms) = postSolution
		{4EE3569F-54BE-46DC-BA94-D00F007E910C}.Debug|Any CPU.ActiveCfg = Debug|Any CPU
		{4EE3569F-54BE-46DC-BA94-D00F007E910C}.Debug|Any CPU.Build.0 = Debug|Any CPU
		{4EE3569F-54BE-46DC-BA94-D00F007E910C}.Release|Any CPU.ActiveCfg = Release|Any CPU
		{4EE3569F-54BE-46DC-BA94-D00F007E910C}.Release|Any CPU.Build.0 = Release|Any CPU
		{7434F8B2-3794-4C1E-96EB-9C0743E6E88E}.Debug|Any CPU.ActiveCfg = Debug|Any CPU
		{7434F8B2-3794-4C1E-96EB-9C0743E6E88E}.Debug|Any CPU.Build.0 = Debug|Any CPU
		{7434F8B2-3794-4C1E-96EB-9C0743E6E88E}.Release|Any CPU.ActiveCfg = Release|Any CPU
		{7434F8B2-3794-4C1E-96EB-9C0743E6E88E}.Release|Any CPU.Build.0 = Release|Any CPU
	EndGlobalSection
	GlobalSection(SolutionProperties) = preSolution
		HideSolutionNode = FALSE
	EndGlobalSection
EndGlobal
